
Microsoft Visual Studio Solution File, Format Version 12.00
# Visual Studio Version 16
VisualStudioVersion = 16.0.29102.190
MinimumVisualStudioVersion = 10.0.40219.1
Project("{FAE04EC0-301F-11D3-BF4B-00C04F79EFBC}") = "ElizScript", "ElizScript.csproj", "{FD30F273-F1C3-4CE0-9F70-0F13751590FD}"
EndProject
Global
	GlobalSection(SolutionConfigurationPlatforms) = preSolution
		Debug|Any CPU = Debug|Any CPU
		Release|Any CPU = Release|Any CPU
	EndGlobalSection
	GlobalSection(ProjectConfigurationPlatforms) = postSolution
		{FD30F273-F1C3-4CE0-9F70-0F13751590FD}.Debug|Any CPU.ActiveCfg = Debug|Any CPU
		{FD30F273-F1C3-4CE0-9F70-0F13751590FD}.Debug|Any CPU.Build.0 = Debug|Any CPU
		{FD30F273-F1C3-4CE0-9F70-0F13751590FD}.Release|Any CPU.ActiveCfg = Release|Any CPU
		{FD30F273-F1C3-4CE0-9F70-0F13751590FD}.Release|Any CPU.Build.0 = Release|Any CPU
	EndGlobalSection
	GlobalSection(SolutionProperties) = preSolution
		HideSolutionNode = FALSE
	EndGlobalSection
	GlobalSection(ExtensibilityGlobals) = postSolution
		SolutionGuid = {09ED026D-1149-4366-B206-4395519A26FB}
	EndGlobalSection
EndGlobal
